
Microsoft Visual Studio Solution File, Format Version 12.00
# Visual Studio 15
Project("{FAE04EC0-301F-11D3-BF4B-00C04F79EFBC}") = "Assembly-CSharp", "Assembly-CSharp.csproj", "{7B542EB4-5CEE-EF51-5604-A0A957D64328}"
EndProject
Project("{FAE04EC0-301F-11D3-BF4B-00C04F79EFBC}") = "Assembly-CSharp-Editor", "Assembly-CSharp-Editor.csproj", "{6E585F90-1887-E8CE-75A4-0F077F352658}"
EndProject
Project("{FAE04EC0-301F-11D3-BF4B-00C04F79EFBC}") = "Unity.InputSystem.RebindingUI", "Unity.InputSystem.RebindingUI.csproj", "{8CE7B149-35F1-C174-4A68-3823432E55E8}"
EndProject
Global
	GlobalSection(SolutionConfigurationPlatforms) = preSolution
		Debug|Any CPU = Debug|Any CPU
		Release|Any CPU = Release|Any CPU
	EndGlobalSection
	GlobalSection(ProjectConfigurationPlatforms) = postSolution
		{7B542EB4-5CEE-EF51-5604-A0A957D64328}.Debug|Any CPU.ActiveCfg = Debug|Any CPU
		{7B542EB4-5CEE-EF51-5604-A0A957D64328}.Debug|Any CPU.Build.0 = Debug|Any CPU
		{7B542EB4-5CEE-EF51-5604-A0A957D64328}.Release|Any CPU.ActiveCfg = Release|Any CPU
		{7B542EB4-5CEE-EF51-5604-A0A957D64328}.Release|Any CPU.Build.0 = Release|Any CPU
		{6E585F90-1887-E8CE-75A4-0F077F352658}.Debug|Any CPU.ActiveCfg = Debug|Any CPU
		{6E585F90-1887-E8CE-75A4-0F077F352658}.Debug|Any CPU.Build.0 = Debug|Any CPU
		{6E585F90-1887-E8CE-75A4-0F077F352658}.Release|Any CPU.ActiveCfg = Release|Any CPU
		{6E585F90-1887-E8CE-75A4-0F077F352658}.Release|Any CPU.Build.0 = Release|Any CPU
		{8CE7B149-35F1-C174-4A68-3823432E55E8}.Debug|Any CPU.ActiveCfg = Debug|Any CPU
		{8CE7B149-35F1-C174-4A68-3823432E55E8}.Debug|Any CPU.Build.0 = Debug|Any CPU
		{8CE7B149-35F1-C174-4A68-3823432E55E8}.Release|Any CPU.ActiveCfg = Release|Any CPU
		{8CE7B149-35F1-C174-4A68-3823432E55E8}.Release|Any CPU.Build.0 = Release|Any CPU
	EndGlobalSection
	GlobalSection(SolutionProperties) = preSolution
		HideSolutionNode = FALSE
	EndGlobalSection
EndGlobal
